
Microsoft Visual Studio Solution File, Format Version 12.00
# Visual Studio Version 16
VisualStudioVersion = 16.0.32126.315
MinimumVisualStudioVersion = 10.0.40219.1
Project("{8BC9CEB8-8B4A-11D0-8D11-00A0C91BC942}") = "Sandbox", "Sandbox\Sandbox.vcxproj", "{B0CD462A-AD4D-4918-8814-6D4E19A9DAF9}"
EndProject
Project("{8BC9CEB8-8B4A-11D0-8D11-00A0C91BC942}") = "Velocity", "Velocity\Velocity.vcxproj", "{C02B59DC-CF10-4A65-88E2-5937F7145D4B}"
EndProject
Global
	GlobalSection(SolutionConfigurationPlatforms) = preSolution
		Debug|x64 = Debug|x64
		Release|x64 = Release|x64
	EndGlobalSection
	GlobalSection(ProjectConfigurationPlatforms) = postSolution
		{C02B59DC-CF10-4A65-88E2-5937F7145D4B}.Debug|x64.ActiveCfg = Debug|x64
		{C02B59DC-CF10-4A65-88E2-5937F7145D4B}.Debug|x64.Build.0 = Debug|x64
		{C02B59DC-CF10-4A65-88E2-5937F7145D4B}.Release|x64.ActiveCfg = Release|x64
		{C02B59DC-CF10-4A65-88E2-5937F7145D4B}.Release|x64.Build.0 = Release|x64
		{B0CD462A-AD4D-4918-8814-6D4E19A9DAF9}.Debug|x64.ActiveCfg = Debug|x64
		{B0CD462A-AD4D-4918-8814-6D4E19A9DAF9}.Debug|x64.Build.0 = Debug|x64
		{B0CD462A-AD4D-4918-8814-6D4E19A9DAF9}.Release|x64.ActiveCfg = Release|x64
		{B0CD462A-AD4D-4918-8814-6D4E19A9DAF9}.Release|x64.Build.0 = Release|x64
	EndGlobalSection
	GlobalSection(SolutionProperties) = preSolution
		HideSolutionNode = FALSE
	EndGlobalSection
	GlobalSection(ExtensibilityGlobals) = postSolution
		SolutionGuid = {4AE91728-1B96-4D7A-B534-F1A69192327D}
	EndGlobalSection
EndGlobal
